
Microsoft Visual Studio Solution File, Format Version 12.00
# Visual Studio Version 17
VisualStudioVersion = 17.5.33516.290
MinimumVisualStudioVersion = 10.0.40219.1
Project("{FAE04EC0-301F-11D3-BF4B-00C04F79EFBC}") = "MathGame", "MathGame\MathGame.csproj", "{F4AA74C5-DCBC-4AA4-BCD1-1549E96C93B0}"
EndProject
Global
	GlobalSection(SolutionConfigurationPlatforms) = preSolution
		Debug|Any CPU = Debug|Any CPU
		Release|Any CPU = Release|Any CPU
	EndGlobalSection
	GlobalSection(ProjectConfigurationPlatforms) = postSolution
		{F4AA74C5-DCBC-4AA4-BCD1-1549E96C93B0}.Debug|Any CPU.ActiveCfg = Debug|Any CPU
		{F4AA74C5-DCBC-4AA4-BCD1-1549E96C93B0}.Debug|Any CPU.Build.0 = Debug|Any CPU
		{F4AA74C5-DCBC-4AA4-BCD1-1549E96C93B0}.Release|Any CPU.ActiveCfg = Release|Any CPU
		{F4AA74C5-DCBC-4AA4-BCD1-1549E96C93B0}.Release|Any CPU.Build.0 = Release|Any CPU
	EndGlobalSection
	GlobalSection(SolutionProperties) = preSolution
		HideSolutionNode = FALSE
	EndGlobalSection
	GlobalSection(ExtensibilityGlobals) = postSolution
		SolutionGuid = {2708A72D-1834-4D37-9C37-E04EA85FA81F}
	EndGlobalSection
EndGlobal
